Microsoft Visual Studio Solution File, Format Version 12.00
# Visual Studio Version 17
VisualStudioVersion = 17.0.31903.59
MinimumVisualStudioVersion = 10.0.40219.1
Project("{9A19103F-16F7-4668-BE54-9A1E7A4F7556}") = "xUnitTests", "xUnitTests\xUnitTests.csproj", "{475DD749-2C15-4582-99F7-F90822D63BAB}"
EndProject
Project("{9A19103F-16F7-4668-BE54-9A1E7A4F7556}") = "MeteoLib", "MeteoLib\MeteoLib.csproj", "{45F0F155-F96A-4E7D-958A-1EBA37D57A00}"
EndProject
Project("{9A19103F-16F7-4668-BE54-9A1E7A4F7556}") = "Meteohost", "Meteohost\Meteohost.csproj", "{647EA5DD-B322-43C5-8A4E-47018791BE2D}"
EndProject
Project("{D954291E-2A0B-460D-934E-DC6B0785DB48}") = "Stubs", "Stubs\Stubs.shproj", "{0CFE13D5-A144-4A87-A6D6-D105339EDD72}"
EndProject
Project("{2150E333-8FDC-42A3-9474-1A3956D46DE8}") = "Solution Items", "Solution Items", "{47FA75B1-C5D1-4417-847B-A3991B5348D9}"
	ProjectSection(SolutionItems) = preProject
		.editorconfig = .editorconfig
	EndProjectSection
EndProject
Global
	GlobalSection(SolutionConfigurationPlatforms) = preSolution
		Debug|Any CPU = Debug|Any CPU
		Release|Any CPU = Release|Any CPU
	EndGlobalSection
	GlobalSection(ProjectConfigurationPlatforms) = postSolution
		{475DD749-2C15-4582-99F7-F90822D63BAB}.Debug|Any CPU.ActiveCfg = Debug|Any CPU
		{475DD749-2C15-4582-99F7-F90822D63BAB}.Debug|Any CPU.Build.0 = Debug|Any CPU
		{475DD749-2C15-4582-99F7-F90822D63BAB}.Release|Any CPU.ActiveCfg = Release|Any CPU
		{475DD749-2C15-4582-99F7-F90822D63BAB}.Release|Any CPU.Build.0 = Release|Any CPU
		{45F0F155-F96A-4E7D-958A-1EBA37D57A00}.Debug|Any CPU.ActiveCfg = Debug|Any CPU
		{45F0F155-F96A-4E7D-958A-1EBA37D57A00}.Debug|Any CPU.Build.0 = Debug|Any CPU
		{45F0F155-F96A-4E7D-958A-1EBA37D57A00}.Release|Any CPU.ActiveCfg = Release|Any CPU
		{45F0F155-F96A-4E7D-958A-1EBA37D57A00}.Release|Any CPU.Build.0 = Release|Any CPU
		{647EA5DD-B322-43C5-8A4E-47018791BE2D}.Debug|Any CPU.ActiveCfg = Debug|Any CPU
		{647EA5DD-B322-43C5-8A4E-47018791BE2D}.Debug|Any CPU.Build.0 = Debug|Any CPU
		{647EA5DD-B322-43C5-8A4E-47018791BE2D}.Release|Any CPU.ActiveCfg = Release|Any CPU
		{647EA5DD-B322-43C5-8A4E-47018791BE2D}.Release|Any CPU.Build.0 = Release|Any CPU
	EndGlobalSection
	GlobalSection(SolutionProperties) = preSolution
		HideSolutionNode = FALSE
	EndGlobalSection
	GlobalSection(ExtensibilityGlobals) = postSolution
		SolutionGuid = {7310BFC3-B2FA-4CE3-B91A-49523143DC17}
	EndGlobalSection
	GlobalSection(SharedMSBuildProjectFiles) = preSolution
		Stubs\Stubs.projitems*{0cfe13d5-a144-4a87-a6d6-d105339edd72}*SharedItemsImports = 13
		Stubs\Stubs.projitems*{475dd749-2c15-4582-99f7-f90822d63bab}*SharedItemsImports = 5
	EndGlobalSection
EndGlobal
